
Microsoft Visual Studio Solution File, Format Version 12.00
# Visual Studio Version 17
VisualStudioVersion = 17.5.002.0
MinimumVisualStudioVersion = 10.0.40219.1
Project("{2150E333-8FDC-42A3-9474-1A3956D46DE8}") = "C#", "C#", "{0CD76874-4C61-4373-856A-AF6268E28B48}"
EndProject
Project("{9A19103F-16F7-4668-BE54-9A1E7A4F7556}") = "day01", "C#\day01\day01.csproj", "{06B40E41-6ABB-43BB-BBD4-7935ADAF6B39}"
EndProject
Global
	GlobalSection(SolutionConfigurationPlatforms) = preSolution
		Debug|Any CPU = Debug|Any CPU
		Release|Any CPU = Release|Any CPU
	EndGlobalSection
	GlobalSection(ProjectConfigurationPlatforms) = postSolution
		{06B40E41-6ABB-43BB-BBD4-7935ADAF6B39}.Debug|Any CPU.ActiveCfg = Debug|Any CPU
		{06B40E41-6ABB-43BB-BBD4-7935ADAF6B39}.Debug|Any CPU.Build.0 = Debug|Any CPU
		{06B40E41-6ABB-43BB-BBD4-7935ADAF6B39}.Release|Any CPU.ActiveCfg = Release|Any CPU
		{06B40E41-6ABB-43BB-BBD4-7935ADAF6B39}.Release|Any CPU.Build.0 = Release|Any CPU
	EndGlobalSection
	GlobalSection(SolutionProperties) = preSolution
		HideSolutionNode = FALSE
	EndGlobalSection
	GlobalSection(NestedProjects) = preSolution
		{06B40E41-6ABB-43BB-BBD4-7935ADAF6B39} = {0CD76874-4C61-4373-856A-AF6268E28B48}
	EndGlobalSection
	GlobalSection(ExtensibilityGlobals) = postSolution
		SolutionGuid = {7305167B-E6F9-4FC7-9ED5-88EADB649DC9}
	EndGlobalSection
EndGlobal
