
Microsoft Visual Studio Solution File, Format Version 12.00
# Visual Studio Version 17
VisualStudioVersion = 17.10.35122.118
MinimumVisualStudioVersion = 10.0.40219.1
Project("{9A19103F-16F7-4668-BE54-9A1E7A4F7556}") = "day02", "day02.csproj", "{31E50CFD-C023-4A05-BEBC-A4AA01B27552}"
EndProject
Global
	GlobalSection(SolutionConfigurationPlatforms) = preSolution
		Debug|Any CPU = Debug|Any CPU
		Release|Any CPU = Release|Any CPU
	EndGlobalSection
	GlobalSection(ProjectConfigurationPlatforms) = postSolution
		{31E50CFD-C023-4A05-BEBC-A4AA01B27552}.Debug|Any CPU.ActiveCfg = Debug|Any CPU
		{31E50CFD-C023-4A05-BEBC-A4AA01B27552}.Debug|Any CPU.Build.0 = Debug|Any CPU
		{31E50CFD-C023-4A05-BEBC-A4AA01B27552}.Release|Any CPU.ActiveCfg = Release|Any CPU
		{31E50CFD-C023-4A05-BEBC-A4AA01B27552}.Release|Any CPU.Build.0 = Release|Any CPU
	EndGlobalSection
	GlobalSection(SolutionProperties) = preSolution
		HideSolutionNode = FALSE
	EndGlobalSection
	GlobalSection(ExtensibilityGlobals) = postSolution
		SolutionGuid = {5E5295C6-C561-4726-AA49-30854835CA72}
	EndGlobalSection
EndGlobal
