
Microsoft Visual Studio Solution File, Format Version 12.00
# Visual Studio Version 17
VisualStudioVersion = 17.0.31903.59
MinimumVisualStudioVersion = 10.0.40219.1
Project("{FAE04EC0-301F-11D3-BF4B-00C04F79EFBC}") = "day06", "day06.csproj", "{32EF06D0-C776-4E05-8FB6-B85F5B1F61ED}"
EndProject
Global
	GlobalSection(SolutionConfigurationPlatforms) = preSolution
		Debug|Any CPU = Debug|Any CPU
		Release|Any CPU = Release|Any CPU
	EndGlobalSection
	GlobalSection(SolutionProperties) = preSolution
		HideSolutionNode = FALSE
	EndGlobalSection
	GlobalSection(ProjectConfigurationPlatforms) = postSolution
		{32EF06D0-C776-4E05-8FB6-B85F5B1F61ED}.Debug|Any CPU.ActiveCfg = Debug|Any CPU
		{32EF06D0-C776-4E05-8FB6-B85F5B1F61ED}.Debug|Any CPU.Build.0 = Debug|Any CPU
		{32EF06D0-C776-4E05-8FB6-B85F5B1F61ED}.Release|Any CPU.ActiveCfg = Release|Any CPU
		{32EF06D0-C776-4E05-8FB6-B85F5B1F61ED}.Release|Any CPU.Build.0 = Release|Any CPU
	EndGlobalSection
EndGlobal
